
Microsoft Visual Studio Solution File, Format Version 12.00
# Visual Studio Version 17
VisualStudioVersion = 17.3.32811.315
MinimumVisualStudioVersion = 10.0.40219.1
Project("{9A19103F-16F7-4668-BE54-9A1E7A4F7556}") = "Api", "Api\Api.csproj", "{313C77C3-AA07-4114-A24C-D8B87EB988D7}"
	ProjectSection(ProjectDependencies) = postProject
		{FCF603AC-D049-4EEA-9EB1-C4C2D3BC3692} = {FCF603AC-D049-4EEA-9EB1-C4C2D3BC3692}
	EndProjectSection
EndProject
Project("{2150E333-8FDC-42A3-9474-1A3956D46DE8}") = "Core", "Core", "{C197E95D-73BC-4F9D-80F9-92ADE5564245}"
EndProject
Project("{2150E333-8FDC-42A3-9474-1A3956D46DE8}") = "Externals", "Externals", "{9FA412C8-A444-45F2-9E49-28AD66C89C7F}"
EndProject
Project("{9A19103F-16F7-4668-BE54-9A1E7A4F7556}") = "Application", "Application\Application.csproj", "{FCF603AC-D049-4EEA-9EB1-C4C2D3BC3692}"
EndProject
Project("{9A19103F-16F7-4668-BE54-9A1E7A4F7556}") = "Domain", "Domain\Domain.csproj", "{56AC8BD3-C352-413B-995E-6FAFBE34965A}"
EndProject
Project("{9A19103F-16F7-4668-BE54-9A1E7A4F7556}") = "Infrastructure", "Infrastructure\Infrastructure.csproj", "{8057F37D-9ADD-47D0-BB7B-DDF87196AC78}"
EndProject
Project("{2150E333-8FDC-42A3-9474-1A3956D46DE8}") = "src", "src", "{ED5167A2-1A31-4C29-B43D-3A57C7DAD1C6}"
EndProject
Global
	GlobalSection(SolutionConfigurationPlatforms) = preSolution
		Debug|Any CPU = Debug|Any CPU
		Release|Any CPU = Release|Any CPU
	EndGlobalSection
	GlobalSection(ProjectConfigurationPlatforms) = postSolution
		{313C77C3-AA07-4114-A24C-D8B87EB988D7}.Debug|Any CPU.ActiveCfg = Debug|Any CPU
		{313C77C3-AA07-4114-A24C-D8B87EB988D7}.Debug|Any CPU.Build.0 = Debug|Any CPU
		{313C77C3-AA07-4114-A24C-D8B87EB988D7}.Release|Any CPU.ActiveCfg = Release|Any CPU
		{313C77C3-AA07-4114-A24C-D8B87EB988D7}.Release|Any CPU.Build.0 = Release|Any CPU
		{FCF603AC-D049-4EEA-9EB1-C4C2D3BC3692}.Debug|Any CPU.ActiveCfg = Debug|Any CPU
		{FCF603AC-D049-4EEA-9EB1-C4C2D3BC3692}.Debug|Any CPU.Build.0 = Debug|Any CPU
		{FCF603AC-D049-4EEA-9EB1-C4C2D3BC3692}.Release|Any CPU.ActiveCfg = Release|Any CPU
		{FCF603AC-D049-4EEA-9EB1-C4C2D3BC3692}.Release|Any CPU.Build.0 = Release|Any CPU
		{56AC8BD3-C352-413B-995E-6FAFBE34965A}.Debug|Any CPU.ActiveCfg = Debug|Any CPU
		{56AC8BD3-C352-413B-995E-6FAFBE34965A}.Debug|Any CPU.Build.0 = Debug|Any CPU
		{56AC8BD3-C352-413B-995E-6FAFBE34965A}.Release|Any CPU.ActiveCfg = Release|Any CPU
		{56AC8BD3-C352-413B-995E-6FAFBE34965A}.Release|Any CPU.Build.0 = Release|Any CPU
		{8057F37D-9ADD-47D0-BB7B-DDF87196AC78}.Debug|Any CPU.ActiveCfg = Debug|Any CPU
		{8057F37D-9ADD-47D0-BB7B-DDF87196AC78}.Debug|Any CPU.Build.0 = Debug|Any CPU
		{8057F37D-9ADD-47D0-BB7B-DDF87196AC78}.Release|Any CPU.ActiveCfg = Release|Any CPU
		{8057F37D-9ADD-47D0-BB7B-DDF87196AC78}.Release|Any CPU.Build.0 = Release|Any CPU
	EndGlobalSection
	GlobalSection(SolutionProperties) = preSolution
		HideSolutionNode = FALSE
	EndGlobalSection
	GlobalSection(NestedProjects) = preSolution
		{313C77C3-AA07-4114-A24C-D8B87EB988D7} = {9FA412C8-A444-45F2-9E49-28AD66C89C7F}
		{FCF603AC-D049-4EEA-9EB1-C4C2D3BC3692} = {9FA412C8-A444-45F2-9E49-28AD66C89C7F}
		{56AC8BD3-C352-413B-995E-6FAFBE34965A} = {C197E95D-73BC-4F9D-80F9-92ADE5564245}
		{8057F37D-9ADD-47D0-BB7B-DDF87196AC78} = {9FA412C8-A444-45F2-9E49-28AD66C89C7F}
	EndGlobalSection
	GlobalSection(ExtensibilityGlobals) = postSolution
		SolutionGuid = {617D800D-3179-4607-8769-0DA3B1BFBA18}
	EndGlobalSection
EndGlobal
